
Microsoft Visual Studio Solution File, Format Version 12.00
# Visual Studio Version 17
VisualStudioVersion = 17.4.33205.214
MinimumVisualStudioVersion = 10.0.40219.1
Project("{2150E333-8FDC-42A3-9474-1A3956D46DE8}") = "Solution Items", "Solution Items", "{96C27597-7588-46EA-B9BA-447092C7F976}"
	ProjectSection(SolutionItems) = preProject
		Directory.Build.props = Directory.Build.props
		Directory.Build.targets = Directory.Build.targets
		LICENSE = LICENSE
		README.md = README.md
	EndProjectSection
EndProject
Project("{9A19103F-16F7-4668-BE54-9A1E7A4F7556}") = "Edu.CommonLibCore", "WYL.CommonLib\Edu.CommonLibCore.csproj", "{AB8BE74B-D987-4154-B636-1C978193EBAD}"
EndProject
Project("{2150E333-8FDC-42A3-9474-1A3956D46DE8}") = "Dlls", "Dlls", "{F6EB778F-B5BF-4EBE-A963-5DDF0608831C}"
	ProjectSection(SolutionItems) = preProject
		Dlls\Interop.NetFwTypeLib.dll = Dlls\Interop.NetFwTypeLib.dll
	EndProjectSection
EndProject
Global
	GlobalSection(SolutionConfigurationPlatforms) = preSolution
		Debug|Any CPU = Debug|Any CPU
		Release|Any CPU = Release|Any CPU
	EndGlobalSection
	GlobalSection(ProjectConfigurationPlatforms) = postSolution
		{AB8BE74B-D987-4154-B636-1C978193EBAD}.Debug|Any CPU.ActiveCfg = Debug|Any CPU
		{AB8BE74B-D987-4154-B636-1C978193EBAD}.Debug|Any CPU.Build.0 = Debug|Any CPU
		{AB8BE74B-D987-4154-B636-1C978193EBAD}.Release|Any CPU.ActiveCfg = Release|Any CPU
		{AB8BE74B-D987-4154-B636-1C978193EBAD}.Release|Any CPU.Build.0 = Release|Any CPU
	EndGlobalSection
	GlobalSection(SolutionProperties) = preSolution
		HideSolutionNode = FALSE
	EndGlobalSection
	GlobalSection(ExtensibilityGlobals) = postSolution
		SolutionGuid = {59B41262-394E-41F4-B0FE-124DEB90CED2}
	EndGlobalSection
EndGlobal
